
Microsoft Visual Studio Solution File, Format Version 12.00
# Visual Studio Version 17
VisualStudioVersion = 17.0.32002.185
MinimumVisualStudioVersion = 10.0.40219.1
Project("{FAE04EC0-301F-11D3-BF4B-00C04F79EFBC}") = "PublicadorDeMensagens", "PublicadorDeMensagens\PublicadorDeMensagens.csproj", "{2DC9245D-4876-4C37-AEB0-5AF669B1AF25}"
EndProject
Global
	GlobalSection(SolutionConfigurationPlatforms) = preSolution
		Debug|Any CPU = Debug|Any CPU
		Release|Any CPU = Release|Any CPU
	EndGlobalSection
	GlobalSection(ProjectConfigurationPlatforms) = postSolution
		{2DC9245D-4876-4C37-AEB0-5AF669B1AF25}.Debug|Any CPU.ActiveCfg = Debug|Any CPU
		{2DC9245D-4876-4C37-AEB0-5AF669B1AF25}.Debug|Any CPU.Build.0 = Debug|Any CPU
		{2DC9245D-4876-4C37-AEB0-5AF669B1AF25}.Release|Any CPU.ActiveCfg = Release|Any CPU
		{2DC9245D-4876-4C37-AEB0-5AF669B1AF25}.Release|Any CPU.Build.0 = Release|Any CPU
	EndGlobalSection
	GlobalSection(SolutionProperties) = preSolution
		HideSolutionNode = FALSE
	EndGlobalSection
	GlobalSection(ExtensibilityGlobals) = postSolution
		SolutionGuid = {74E4D8DC-C55B-4E39-96C6-DCDFD19A0C82}
	EndGlobalSection
EndGlobal
